
Microsoft Visual Studio Solution File, Format Version 12.00
# Visual Studio 15
VisualStudioVersion = 15.0.26730.15
MinimumVisualStudioVersion = 10.0.40219.1
Project("{FAE04EC0-301F-11D3-BF4B-00C04F79EFBC}") = "GZipTest", "GZipTest\GZipTest.csproj", "{44D30C1C-EE5A-408F-AC71-3A4226E9D3E4}"
EndProject
Global
	GlobalSection(SolutionConfigurationPlatforms) = preSolution
		Debug|Any CPU = Debug|Any CPU
		Release|Any CPU = Release|Any CPU
	EndGlobalSection
	GlobalSection(ProjectConfigurationPlatforms) = postSolution
		{44D30C1C-EE5A-408F-AC71-3A4226E9D3E4}.Debug|Any CPU.ActiveCfg = Debug|Any CPU
		{44D30C1C-EE5A-408F-AC71-3A4226E9D3E4}.Debug|Any CPU.Build.0 = Debug|Any CPU
		{44D30C1C-EE5A-408F-AC71-3A4226E9D3E4}.Release|Any CPU.ActiveCfg = Release|Any CPU
		{44D30C1C-EE5A-408F-AC71-3A4226E9D3E4}.Release|Any CPU.Build.0 = Release|Any CPU
	EndGlobalSection
	GlobalSection(SolutionProperties) = preSolution
		HideSolutionNode = FALSE
	EndGlobalSection
	GlobalSection(ExtensibilityGlobals) = postSolution
		SolutionGuid = {8EA8E4B8-C3B9-40F2-B24D-0CBADC40836F}
	EndGlobalSection
EndGlobal
